
Microsoft Visual Studio Solution File, Format Version 12.00
# Visual Studio Version 16
VisualStudioVersion = 16.0.29613.14
MinimumVisualStudioVersion = 10.0.40219.1
Project("{FAE04EC0-301F-11D3-BF4B-00C04F79EFBC}") = "JobPocDemo", "JobPocDemo\JobPocDemo.csproj", "{AF679B0A-8C7D-4172-BEE8-4B5CD9CA01E1}"
EndProject
Project("{FAE04EC0-301F-11D3-BF4B-00C04F79EFBC}") = "JobPocDemo.Data", "JobPocDemo.Data\JobPocDemo.Data.csproj", "{CA640726-A77B-41AF-94BF-BB2DE8BDD5E4}"
EndProject
Project("{FAE04EC0-301F-11D3-BF4B-00C04F79EFBC}") = "JobPocDemo.Jobs", "JobPocDemo.Jobs\JobPocDemo.Jobs.csproj", "{BD0C3A99-4898-47E8-AB3B-8B01EA9E1284}"
EndProject
Global
	GlobalSection(SolutionConfigurationPlatforms) = preSolution
		Debug|Any CPU = Debug|Any CPU
		Release|Any CPU = Release|Any CPU
	EndGlobalSection
	GlobalSection(ProjectConfigurationPlatforms) = postSolution
		{AF679B0A-8C7D-4172-BEE8-4B5CD9CA01E1}.Debug|Any CPU.ActiveCfg = Debug|Any CPU
		{AF679B0A-8C7D-4172-BEE8-4B5CD9CA01E1}.Debug|Any CPU.Build.0 = Debug|Any CPU
		{AF679B0A-8C7D-4172-BEE8-4B5CD9CA01E1}.Release|Any CPU.ActiveCfg = Release|Any CPU
		{AF679B0A-8C7D-4172-BEE8-4B5CD9CA01E1}.Release|Any CPU.Build.0 = Release|Any CPU
		{CA640726-A77B-41AF-94BF-BB2DE8BDD5E4}.Debug|Any CPU.ActiveCfg = Debug|Any CPU
		{CA640726-A77B-41AF-94BF-BB2DE8BDD5E4}.Debug|Any CPU.Build.0 = Debug|Any CPU
		{CA640726-A77B-41AF-94BF-BB2DE8BDD5E4}.Release|Any CPU.ActiveCfg = Release|Any CPU
		{CA640726-A77B-41AF-94BF-BB2DE8BDD5E4}.Release|Any CPU.Build.0 = Release|Any CPU
		{BD0C3A99-4898-47E8-AB3B-8B01EA9E1284}.Debug|Any CPU.ActiveCfg = Debug|Any CPU
		{BD0C3A99-4898-47E8-AB3B-8B01EA9E1284}.Debug|Any CPU.Build.0 = Debug|Any CPU
		{BD0C3A99-4898-47E8-AB3B-8B01EA9E1284}.Release|Any CPU.ActiveCfg = Release|Any CPU
		{BD0C3A99-4898-47E8-AB3B-8B01EA9E1284}.Release|Any CPU.Build.0 = Release|Any CPU
	EndGlobalSection
	GlobalSection(SolutionProperties) = preSolution
		HideSolutionNode = FALSE
	EndGlobalSection
	GlobalSection(ExtensibilityGlobals) = postSolution
		SolutionGuid = {ACE6AAFF-F2F5-472F-9024-22CF32311211}
	EndGlobalSection
EndGlobal
